
Microsoft Visual Studio Solution File, Format Version 12.00
Project("{FAE04EC0-301F-11D3-BF4B-00C04F79EFBC}") = "BoletimOnline.Api", "BoletimOnline.Api\BoletimOnline.Api.csproj", "{145FD990-E2B6-4261-A19F-D4572A9EBEEB}"
EndProject
Global
	GlobalSection(SolutionConfigurationPlatforms) = preSolution
		Debug|Any CPU = Debug|Any CPU
		Release|Any CPU = Release|Any CPU
	EndGlobalSection
	GlobalSection(ProjectConfigurationPlatforms) = postSolution
		{145FD990-E2B6-4261-A19F-D4572A9EBEEB}.Debug|Any CPU.ActiveCfg = Debug|Any CPU
		{145FD990-E2B6-4261-A19F-D4572A9EBEEB}.Debug|Any CPU.Build.0 = Debug|Any CPU
		{145FD990-E2B6-4261-A19F-D4572A9EBEEB}.Release|Any CPU.ActiveCfg = Release|Any CPU
		{145FD990-E2B6-4261-A19F-D4572A9EBEEB}.Release|Any CPU.Build.0 = Release|Any CPU
	EndGlobalSection
EndGlobal
