
Microsoft Visual Studio Solution File, Format Version 12.00
# Visual Studio Version 17
VisualStudioVersion = 17.3.32901.215
MinimumVisualStudioVersion = 10.0.40219.1
Project("{FAE04EC0-301F-11D3-BF4B-00C04F79EFBC}") = "BoletimOnline", "BoletimOnline\BoletimOnline.csproj", "{17E85FCD-76B8-4AB0-94B1-7B744614A97B}"
EndProject
Global
	GlobalSection(SolutionConfigurationPlatforms) = preSolution
		Debug|Any CPU = Debug|Any CPU
		Release|Any CPU = Release|Any CPU
	EndGlobalSection
	GlobalSection(ProjectConfigurationPlatforms) = postSolution
		{17E85FCD-76B8-4AB0-94B1-7B744614A97B}.Debug|Any CPU.ActiveCfg = Debug|Any CPU
		{17E85FCD-76B8-4AB0-94B1-7B744614A97B}.Debug|Any CPU.Build.0 = Debug|Any CPU
		{17E85FCD-76B8-4AB0-94B1-7B744614A97B}.Release|Any CPU.ActiveCfg = Release|Any CPU
		{17E85FCD-76B8-4AB0-94B1-7B744614A97B}.Release|Any CPU.Build.0 = Release|Any CPU
	EndGlobalSection
	GlobalSection(SolutionProperties) = preSolution
		HideSolutionNode = FALSE
	EndGlobalSection
	GlobalSection(ExtensibilityGlobals) = postSolution
		SolutionGuid = {D623420F-2E9C-4B1F-BA51-CBD276BBDE91}
	EndGlobalSection
EndGlobal
