
Microsoft Visual Studio Solution File, Format Version 12.00
# Visual Studio Version 17
VisualStudioVersion = 17.3.32929.385
MinimumVisualStudioVersion = 10.0.40219.1
Project("{FAE04EC0-301F-11D3-BF4B-00C04F79EFBC}") = "ApiBoletimOnline", "ApiBoletimOnline.csproj", "{036E94E5-F256-4FD3-8303-0574DDCC88DE}"
EndProject
Global
	GlobalSection(SolutionConfigurationPlatforms) = preSolution
		Debug|Any CPU = Debug|Any CPU
		Release|Any CPU = Release|Any CPU
	EndGlobalSection
	GlobalSection(ProjectConfigurationPlatforms) = postSolution
		{036E94E5-F256-4FD3-8303-0574DDCC88DE}.Debug|Any CPU.ActiveCfg = Debug|Any CPU
		{036E94E5-F256-4FD3-8303-0574DDCC88DE}.Debug|Any CPU.Build.0 = Debug|Any CPU
		{036E94E5-F256-4FD3-8303-0574DDCC88DE}.Release|Any CPU.ActiveCfg = Release|Any CPU
		{036E94E5-F256-4FD3-8303-0574DDCC88DE}.Release|Any CPU.Build.0 = Release|Any CPU
	EndGlobalSection
	GlobalSection(SolutionProperties) = preSolution
		HideSolutionNode = FALSE
	EndGlobalSection
	GlobalSection(ExtensibilityGlobals) = postSolution
		SolutionGuid = {7531DF8E-23C8-4C77-BDFE-8B40464C64A0}
	EndGlobalSection
EndGlobal
