
Microsoft Visual Studio Solution File, Format Version 12.00
# Visual Studio Version 17
VisualStudioVersion = 17.3.32901.215
MinimumVisualStudioVersion = 10.0.40219.1
Project("{FAE04EC0-301F-11D3-BF4B-00C04F79EFBC}") = "BoletimOnline.Api", "BoletimOnline.Api.csproj", "{C9552636-5F3A-4E35-9B09-52D0FD412DAC}"
EndProject
Global
	GlobalSection(SolutionConfigurationPlatforms) = preSolution
		Debug|Any CPU = Debug|Any CPU
		Release|Any CPU = Release|Any CPU
	EndGlobalSection
	GlobalSection(ProjectConfigurationPlatforms) = postSolution
		{C9552636-5F3A-4E35-9B09-52D0FD412DAC}.Debug|Any CPU.ActiveCfg = Debug|Any CPU
		{C9552636-5F3A-4E35-9B09-52D0FD412DAC}.Debug|Any CPU.Build.0 = Debug|Any CPU
		{C9552636-5F3A-4E35-9B09-52D0FD412DAC}.Release|Any CPU.ActiveCfg = Release|Any CPU
		{C9552636-5F3A-4E35-9B09-52D0FD412DAC}.Release|Any CPU.Build.0 = Release|Any CPU
	EndGlobalSection
	GlobalSection(SolutionProperties) = preSolution
		HideSolutionNode = FALSE
	EndGlobalSection
	GlobalSection(ExtensibilityGlobals) = postSolution
		SolutionGuid = {FC0CD802-8550-4EB2-8052-D80725DFC3B7}
	EndGlobalSection
EndGlobal
